
Microsoft Visual Studio Solution File, Format Version 12.00
# Visual Studio Version 17
VisualStudioVersion = 17.14.36603.0
MinimumVisualStudioVersion = 10.0.40219.1
Project("{FAE04EC0-301F-11D3-BF4B-00C04F79EFBC}") = "Vion.Examples.PingPong.DevHost", "Vion.Examples.PingPong.DevHost\Vion.Examples.PingPong.DevHost.csproj", "{C79CCD71-68CF-0C14-D93D-A80BA204A190}"
EndProject
Project("{FAE04EC0-301F-11D3-BF4B-00C04F79EFBC}") = "Vion.Examples.PingPong", "Vion.Examples.PingPong\Vion.Examples.PingPong.csproj", "{5ACBB2D0-CAB9-BECB-6D9B-C928A13BF819}"
EndProject
Project("{FAE04EC0-301F-11D3-BF4B-00C04F79EFBC}") = "Vion.Examples.PingPong.Test", "Vion.Examples.PingPong.Test\Vion.Examples.PingPong.Test.csproj", "{77220FD0-F5FE-4FF3-ABEC-2AAAF1E4001D}"
EndProject
Global
	GlobalSection(SolutionConfigurationPlatforms) = preSolution
		Debug|Any CPU = Debug|Any CPU
		Release|Any CPU = Release|Any CPU
	EndGlobalSection
	GlobalSection(ProjectConfigurationPlatforms) = postSolution
		{C79CCD71-68CF-0C14-D93D-A80BA204A190}.Debug|Any CPU.ActiveCfg = Debug|Any CPU
		{C79CCD71-68CF-0C14-D93D-A80BA204A190}.Debug|Any CPU.Build.0 = Debug|Any CPU
		{C79CCD71-68CF-0C14-D93D-A80BA204A190}.Release|Any CPU.ActiveCfg = Release|Any CPU
		{C79CCD71-68CF-0C14-D93D-A80BA204A190}.Release|Any CPU.Build.0 = Release|Any CPU
		{5ACBB2D0-CAB9-BECB-6D9B-C928A13BF819}.Debug|Any CPU.ActiveCfg = Debug|Any CPU
		{5ACBB2D0-CAB9-BECB-6D9B-C928A13BF819}.Debug|Any CPU.Build.0 = Debug|Any CPU
		{5ACBB2D0-CAB9-BECB-6D9B-C928A13BF819}.Release|Any CPU.ActiveCfg = Release|Any CPU
		{5ACBB2D0-CAB9-BECB-6D9B-C928A13BF819}.Release|Any CPU.Build.0 = Release|Any CPU
		{77220FD0-F5FE-4FF3-ABEC-2AAAF1E4001D}.Debug|Any CPU.ActiveCfg = Debug|Any CPU
		{77220FD0-F5FE-4FF3-ABEC-2AAAF1E4001D}.Debug|Any CPU.Build.0 = Debug|Any CPU
		{77220FD0-F5FE-4FF3-ABEC-2AAAF1E4001D}.Release|Any CPU.ActiveCfg = Release|Any CPU
		{77220FD0-F5FE-4FF3-ABEC-2AAAF1E4001D}.Release|Any CPU.Build.0 = Release|Any CPU
	EndGlobalSection
	GlobalSection(SolutionProperties) = preSolution
		HideSolutionNode = FALSE
	EndGlobalSection
	GlobalSection(ExtensibilityGlobals) = postSolution
		SolutionGuid = {C22226BD-39FC-42F3-ABBC-B1EC4F707FE4}
	EndGlobalSection
EndGlobal
